github.com/mattn/go-sqlite3 v1.11.0 h1:LDdKkqtYlom37fkvqs8rMPFKAMe8+SgjbwZ6ex1/A/Q=
github.com/mattn/go-sqlite3 v1.11.0/go.mod h1:FPy6KqzDD04eiIsT53CuJW3U88zkxoIYsOqkbpncsNc=
github.com/nishanths/go-xkcd v0.0.0-20160531092901-9497d909de39 h1:hD/Ob1zaeDAw1hxc2ne34CVJaZIelKMOmaJB/wGDujo=
github.com/nishanths/go-xkcd v0.0.0-20160531092901-9497d909de39/go.mod h1:R7jhXmaqF0tVqZCC6SR+1nhmS2RvzF7oQF96fZXDAXQ=
